
Microsoft Visual Studio Solution File, Format Version 12.00
# Visual Studio Version 17
VisualStudioVersion = 17.14.36518.9 d17.14
MinimumVisualStudioVersion = 10.0.40219.1
Project("{FAE04EC0-301F-11D3-BF4B-00C04F79EFBC}") = "Apt", "Apt\Apt.csproj", "{D26C185F-B929-43CE-A21B-ACE28DBF4151}"
EndProject
Global
	GlobalSection(SolutionConfigurationPlatforms) = preSolution
		Debug|Any CPU = Debug|Any CPU
		Release|Any CPU = Release|Any CPU
	EndGlobalSection
	GlobalSection(ProjectConfigurationPlatforms) = postSolution
		{D26C185F-B929-43CE-A21B-ACE28DBF4151}.Debug|Any CPU.ActiveCfg = Debug|Any CPU
		{D26C185F-B929-43CE-A21B-ACE28DBF4151}.Debug|Any CPU.Build.0 = Debug|Any CPU
		{D26C185F-B929-43CE-A21B-ACE28DBF4151}.Release|Any CPU.ActiveCfg = Release|Any CPU
		{D26C185F-B929-43CE-A21B-ACE28DBF4151}.Release|Any CPU.Build.0 = Release|Any CPU
	EndGlobalSection
	GlobalSection(SolutionProperties) = preSolution
		HideSolutionNode = FALSE
	EndGlobalSection
	GlobalSection(ExtensibilityGlobals) = postSolution
		SolutionGuid = {975FFF9C-5C3D-465D-8C22-18342D8B2FD9}
	EndGlobalSection
EndGlobal
