
Microsoft Visual Studio Solution File, Format Version 12.00
# Visual Studio Version 17
VisualStudioVersion = 17.14.36414.22 d17.14
MinimumVisualStudioVersion = 10.0.40219.1
Project("{FAE04EC0-301F-11D3-BF4B-00C04F79EFBC}") = "SmartCommunityProject", "SmartCommunityProject\SmartCommunityProject.csproj", "{D617C588-1075-4534-9C88-D12DA8FBBEC8}"
EndProject
Global
	GlobalSection(SolutionConfigurationPlatforms) = preSolution
		Debug|Any CPU = Debug|Any CPU
		Release|Any CPU = Release|Any CPU
	EndGlobalSection
	GlobalSection(ProjectConfigurationPlatforms) = postSolution
		{D617C588-1075-4534-9C88-D12DA8FBBEC8}.Debug|Any CPU.ActiveCfg = Debug|Any CPU
		{D617C588-1075-4534-9C88-D12DA8FBBEC8}.Debug|Any CPU.Build.0 = Debug|Any CPU
		{D617C588-1075-4534-9C88-D12DA8FBBEC8}.Release|Any CPU.ActiveCfg = Release|Any CPU
		{D617C588-1075-4534-9C88-D12DA8FBBEC8}.Release|Any CPU.Build.0 = Release|Any CPU
	EndGlobalSection
	GlobalSection(SolutionProperties) = preSolution
		HideSolutionNode = FALSE
	EndGlobalSection
	GlobalSection(ExtensibilityGlobals) = postSolution
		SolutionGuid = {62D80203-A62E-4A20-BF56-1A6124E9C4F7}
	EndGlobalSection
EndGlobal
